
Microsoft Visual Studio Solution File, Format Version 12.00
# Visual Studio 15
VisualStudioVersion = 15.0.26124.0
MinimumVisualStudioVersion = 15.0.26124.0
Project("{2150E333-8FDC-42A3-9474-1A3956D46DE8}") = "src", "src", "{3E149DFA-317C-4232-BB9D-F53C04FCBC13}"
EndProject
Project("{FAE04EC0-301F-11D3-BF4B-00C04F79EFBC}") = "Catalog.Api", "src\Catalog.Api\Catalog.Api.csproj", "{BD1BCDC9-DC8F-445D-B1C0-2BDD99319C59}"
EndProject
Project("{FAE04EC0-301F-11D3-BF4B-00C04F79EFBC}") = "Catalog.Application", "src\Catalog.Application\Catalog.Application.csproj", "{C3E7B4A2-D53E-4DE1-9DCA-31C515A5B33C}"
EndProject
Project("{F2A71F9B-5D33-465A-A702-920D77279786}") = "Catalog.Domain", "src\Catalog.Domain\Catalog.Domain.fsproj", "{6F60F7C0-2CA1-4780-A484-97FFB8B4C348}"
EndProject
Project("{FAE04EC0-301F-11D3-BF4B-00C04F79EFBC}") = "Catalog.ImportData", "src\Catalog.ImportData\Catalog.ImportData.csproj", "{C08CBB63-EEA5-4028-8B86-6CA97E1A735B}"
EndProject
Project("{FAE04EC0-301F-11D3-BF4B-00C04F79EFBC}") = "Catalog.Infrastructure", "src\Catalog.Infrastructure\Catalog.Infrastructure.csproj", "{F5869DE9-A61C-432C-BED3-11492274736C}"
EndProject
Project("{FAE04EC0-301F-11D3-BF4B-00C04F79EFBC}") = "Catalog.Persistence", "src\Catalog.Persistence\Catalog.Persistence.csproj", "{6D160DD0-6DFD-4B08-B976-FDFF930B56D9}"
EndProject
Project("{2150E333-8FDC-42A3-9474-1A3956D46DE8}") = "tests", "tests", "{D2C64452-CDFE-4D00-A106-53D2C9FC47BD}"
EndProject
Project("{FAE04EC0-301F-11D3-BF4B-00C04F79EFBC}") = "Catalog.Infrastructure.Tests", "tests\Catalog.Infrastructure.Tests\Catalog.Infrastructure.Tests.csproj", "{ACD7436F-99E7-4D8F-9B79-6F3447B29044}"
EndProject
Global
	GlobalSection(SolutionConfigurationPlatforms) = preSolution
		Debug|Any CPU = Debug|Any CPU
		Debug|x64 = Debug|x64
		Debug|x86 = Debug|x86
		Release|Any CPU = Release|Any CPU
		Release|x64 = Release|x64
		Release|x86 = Release|x86
	EndGlobalSection
	GlobalSection(SolutionProperties) = preSolution
		HideSolutionNode = FALSE
	EndGlobalSection
	GlobalSection(ProjectConfigurationPlatforms) = postSolution
		{BD1BCDC9-DC8F-445D-B1C0-2BDD99319C59}.Debug|Any CPU.ActiveCfg = Debug|Any CPU
		{BD1BCDC9-DC8F-445D-B1C0-2BDD99319C59}.Debug|Any CPU.Build.0 = Debug|Any CPU
		{BD1BCDC9-DC8F-445D-B1C0-2BDD99319C59}.Debug|x64.ActiveCfg = Debug|Any CPU
		{BD1BCDC9-DC8F-445D-B1C0-2BDD99319C59}.Debug|x64.Build.0 = Debug|Any CPU
		{BD1BCDC9-DC8F-445D-B1C0-2BDD99319C59}.Debug|x86.ActiveCfg = Debug|Any CPU
		{BD1BCDC9-DC8F-445D-B1C0-2BDD99319C59}.Debug|x86.Build.0 = Debug|Any CPU
		{BD1BCDC9-DC8F-445D-B1C0-2BDD99319C59}.Release|Any CPU.ActiveCfg = Release|Any CPU
		{BD1BCDC9-DC8F-445D-B1C0-2BDD99319C59}.Release|Any CPU.Build.0 = Release|Any CPU
		{BD1BCDC9-DC8F-445D-B1C0-2BDD99319C59}.Release|x64.ActiveCfg = Release|Any CPU
		{BD1BCDC9-DC8F-445D-B1C0-2BDD99319C59}.Release|x64.Build.0 = Release|Any CPU
		{BD1BCDC9-DC8F-445D-B1C0-2BDD99319C59}.Release|x86.ActiveCfg = Release|Any CPU
		{BD1BCDC9-DC8F-445D-B1C0-2BDD99319C59}.Release|x86.Build.0 = Release|Any CPU
		{C3E7B4A2-D53E-4DE1-9DCA-31C515A5B33C}.Debug|Any CPU.ActiveCfg = Debug|Any CPU
		{C3E7B4A2-D53E-4DE1-9DCA-31C515A5B33C}.Debug|Any CPU.Build.0 = Debug|Any CPU
		{C3E7B4A2-D53E-4DE1-9DCA-31C515A5B33C}.Debug|x64.ActiveCfg = Debug|Any CPU
		{C3E7B4A2-D53E-4DE1-9DCA-31C515A5B33C}.Debug|x64.Build.0 = Debug|Any CPU
		{C3E7B4A2-D53E-4DE1-9DCA-31C515A5B33C}.Debug|x86.ActiveCfg = Debug|Any CPU
		{C3E7B4A2-D53E-4DE1-9DCA-31C515A5B33C}.Debug|x86.Build.0 = Debug|Any CPU
		{C3E7B4A2-D53E-4DE1-9DCA-31C515A5B33C}.Release|Any CPU.ActiveCfg = Release|Any CPU
		{C3E7B4A2-D53E-4DE1-9DCA-31C515A5B33C}.Release|Any CPU.Build.0 = Release|Any CPU
		{C3E7B4A2-D53E-4DE1-9DCA-31C515A5B33C}.Release|x64.ActiveCfg = Release|Any CPU
		{C3E7B4A2-D53E-4DE1-9DCA-31C515A5B33C}.Release|x64.Build.0 = Release|Any CPU
		{C3E7B4A2-D53E-4DE1-9DCA-31C515A5B33C}.Release|x86.ActiveCfg = Release|Any CPU
		{C3E7B4A2-D53E-4DE1-9DCA-31C515A5B33C}.Release|x86.Build.0 = Release|Any CPU
		{6F60F7C0-2CA1-4780-A484-97FFB8B4C348}.Debug|Any CPU.ActiveCfg = Debug|Any CPU
		{6F60F7C0-2CA1-4780-A484-97FFB8B4C348}.Debug|Any CPU.Build.0 = Debug|Any CPU
		{6F60F7C0-2CA1-4780-A484-97FFB8B4C348}.Debug|x64.ActiveCfg = Debug|Any CPU
		{6F60F7C0-2CA1-4780-A484-97FFB8B4C348}.Debug|x64.Build.0 = Debug|Any CPU
		{6F60F7C0-2CA1-4780-A484-97FFB8B4C348}.Debug|x86.ActiveCfg = Debug|Any CPU
		{6F60F7C0-2CA1-4780-A484-97FFB8B4C348}.Debug|x86.Build.0 = Debug|Any CPU
		{6F60F7C0-2CA1-4780-A484-97FFB8B4C348}.Release|Any CPU.ActiveCfg = Release|Any CPU
		{6F60F7C0-2CA1-4780-A484-97FFB8B4C348}.Release|Any CPU.Build.0 = Release|Any CPU
		{6F60F7C0-2CA1-4780-A484-97FFB8B4C348}.Release|x64.ActiveCfg = Release|Any CPU
		{6F60F7C0-2CA1-4780-A484-97FFB8B4C348}.Release|x64.Build.0 = Release|Any CPU
		{6F60F7C0-2CA1-4780-A484-97FFB8B4C348}.Release|x86.ActiveCfg = Release|Any CPU
		{6F60F7C0-2CA1-4780-A484-97FFB8B4C348}.Release|x86.Build.0 = Release|Any CPU
		{C08CBB63-EEA5-4028-8B86-6CA97E1A735B}.Debug|Any CPU.ActiveCfg = Debug|Any CPU
		{C08CBB63-EEA5-4028-8B86-6CA97E1A735B}.Debug|Any CPU.Build.0 = Debug|Any CPU
		{C08CBB63-EEA5-4028-8B86-6CA97E1A735B}.Debug|x64.ActiveCfg = Debug|Any CPU
		{C08CBB63-EEA5-4028-8B86-6CA97E1A735B}.Debug|x64.Build.0 = Debug|Any CPU
		{C08CBB63-EEA5-4028-8B86-6CA97E1A735B}.Debug|x86.ActiveCfg = Debug|Any CPU
		{C08CBB63-EEA5-4028-8B86-6CA97E1A735B}.Debug|x86.Build.0 = Debug|Any CPU
		{C08CBB63-EEA5-4028-8B86-6CA97E1A735B}.Release|Any CPU.ActiveCfg = Release|Any CPU
		{C08CBB63-EEA5-4028-8B86-6CA97E1A735B}.Release|Any CPU.Build.0 = Release|Any CPU
		{C08CBB63-EEA5-4028-8B86-6CA97E1A735B}.Release|x64.ActiveCfg = Release|Any CPU
		{C08CBB63-EEA5-4028-8B86-6CA97E1A735B}.Release|x64.Build.0 = Release|Any CPU
		{C08CBB63-EEA5-4028-8B86-6CA97E1A735B}.Release|x86.ActiveCfg = Release|Any CPU
		{C08CBB63-EEA5-4028-8B86-6CA97E1A735B}.Release|x86.Build.0 = Release|Any CPU
		{F5869DE9-A61C-432C-BED3-11492274736C}.Debug|Any CPU.ActiveCfg = Debug|Any CPU
		{F5869DE9-A61C-432C-BED3-11492274736C}.Debug|Any CPU.Build.0 = Debug|Any CPU
		{F5869DE9-A61C-432C-BED3-11492274736C}.Debug|x64.ActiveCfg = Debug|Any CPU
		{F5869DE9-A61C-432C-BED3-11492274736C}.Debug|x64.Build.0 = Debug|Any CPU
		{F5869DE9-A61C-432C-BED3-11492274736C}.Debug|x86.ActiveCfg = Debug|Any CPU
		{F5869DE9-A61C-432C-BED3-11492274736C}.Debug|x86.Build.0 = Debug|Any CPU
		{F5869DE9-A61C-432C-BED3-11492274736C}.Release|Any CPU.ActiveCfg = Release|Any CPU
		{F5869DE9-A61C-432C-BED3-11492274736C}.Release|Any CPU.Build.0 = Release|Any CPU
		{F5869DE9-A61C-432C-BED3-11492274736C}.Release|x64.ActiveCfg = Release|Any CPU
		{F5869DE9-A61C-432C-BED3-11492274736C}.Release|x64.Build.0 = Release|Any CPU
		{F5869DE9-A61C-432C-BED3-11492274736C}.Release|x86.ActiveCfg = Release|Any CPU
		{F5869DE9-A61C-432C-BED3-11492274736C}.Release|x86.Build.0 = Release|Any CPU
		{6D160DD0-6DFD-4B08-B976-FDFF930B56D9}.Debug|Any CPU.ActiveCfg = Debug|Any CPU
		{6D160DD0-6DFD-4B08-B976-FDFF930B56D9}.Debug|Any CPU.Build.0 = Debug|Any CPU
		{6D160DD0-6DFD-4B08-B976-FDFF930B56D9}.Debug|x64.ActiveCfg = Debug|Any CPU
		{6D160DD0-6DFD-4B08-B976-FDFF930B56D9}.Debug|x64.Build.0 = Debug|Any CPU
		{6D160DD0-6DFD-4B08-B976-FDFF930B56D9}.Debug|x86.ActiveCfg = Debug|Any CPU
		{6D160DD0-6DFD-4B08-B976-FDFF930B56D9}.Debug|x86.Build.0 = Debug|Any CPU
		{6D160DD0-6DFD-4B08-B976-FDFF930B56D9}.Release|Any CPU.ActiveCfg = Release|Any CPU
		{6D160DD0-6DFD-4B08-B976-FDFF930B56D9}.Release|Any CPU.Build.0 = Release|Any CPU
		{6D160DD0-6DFD-4B08-B976-FDFF930B56D9}.Release|x64.ActiveCfg = Release|Any CPU
		{6D160DD0-6DFD-4B08-B976-FDFF930B56D9}.Release|x64.Build.0 = Release|Any CPU
		{6D160DD0-6DFD-4B08-B976-FDFF930B56D9}.Release|x86.ActiveCfg = Release|Any CPU
		{6D160DD0-6DFD-4B08-B976-FDFF930B56D9}.Release|x86.Build.0 = Release|Any CPU
		{ACD7436F-99E7-4D8F-9B79-6F3447B29044}.Debug|Any CPU.ActiveCfg = Debug|Any CPU
		{ACD7436F-99E7-4D8F-9B79-6F3447B29044}.Debug|Any CPU.Build.0 = Debug|Any CPU
		{ACD7436F-99E7-4D8F-9B79-6F3447B29044}.Debug|x64.ActiveCfg = Debug|Any CPU
		{ACD7436F-99E7-4D8F-9B79-6F3447B29044}.Debug|x64.Build.0 = Debug|Any CPU
		{ACD7436F-99E7-4D8F-9B79-6F3447B29044}.Debug|x86.ActiveCfg = Debug|Any CPU
		{ACD7436F-99E7-4D8F-9B79-6F3447B29044}.Debug|x86.Build.0 = Debug|Any CPU
		{ACD7436F-99E7-4D8F-9B79-6F3447B29044}.Release|Any CPU.ActiveCfg = Release|Any CPU
		{ACD7436F-99E7-4D8F-9B79-6F3447B29044}.Release|Any CPU.Build.0 = Release|Any CPU
		{ACD7436F-99E7-4D8F-9B79-6F3447B29044}.Release|x64.ActiveCfg = Release|Any CPU
		{ACD7436F-99E7-4D8F-9B79-6F3447B29044}.Release|x64.Build.0 = Release|Any CPU
		{ACD7436F-99E7-4D8F-9B79-6F3447B29044}.Release|x86.ActiveCfg = Release|Any CPU
		{ACD7436F-99E7-4D8F-9B79-6F3447B29044}.Release|x86.Build.0 = Release|Any CPU
	EndGlobalSection
	GlobalSection(NestedProjects) = preSolution
		{BD1BCDC9-DC8F-445D-B1C0-2BDD99319C59} = {3E149DFA-317C-4232-BB9D-F53C04FCBC13}
		{C3E7B4A2-D53E-4DE1-9DCA-31C515A5B33C} = {3E149DFA-317C-4232-BB9D-F53C04FCBC13}
		{6F60F7C0-2CA1-4780-A484-97FFB8B4C348} = {3E149DFA-317C-4232-BB9D-F53C04FCBC13}
		{C08CBB63-EEA5-4028-8B86-6CA97E1A735B} = {3E149DFA-317C-4232-BB9D-F53C04FCBC13}
		{F5869DE9-A61C-432C-BED3-11492274736C} = {3E149DFA-317C-4232-BB9D-F53C04FCBC13}
		{6D160DD0-6DFD-4B08-B976-FDFF930B56D9} = {3E149DFA-317C-4232-BB9D-F53C04FCBC13}
		{ACD7436F-99E7-4D8F-9B79-6F3447B29044} = {D2C64452-CDFE-4D00-A106-53D2C9FC47BD}
	EndGlobalSection
EndGlobal
