
Microsoft Visual Studio Solution File, Format Version 12.00
# Visual Studio 15
VisualStudioVersion = 15.0.26124.0
MinimumVisualStudioVersion = 15.0.26124.0
Project("{2150E333-8FDC-42A3-9474-1A3956D46DE8}") = "src", "src", "{ADB8852E-EFD4-46E9-9493-A1668067C065}"
EndProject
Project("{F2A71F9B-5D33-465A-A702-920D77279786}") = "Catalog.Api", "src\Catalog.Api\Catalog.Api.fsproj", "{814F0FDD-E9A9-48F1-A29A-7766B064D894}"
EndProject
Project("{2150E333-8FDC-42A3-9474-1A3956D46DE8}") = "tests", "tests", "{200943B9-A98C-48B1-ABF3-5E696B8EED9E}"
EndProject
Project("{F2A71F9B-5D33-465A-A702-920D77279786}") = "Catalog.Tests", "tests\Catalog.Tests\Catalog.Tests.fsproj", "{22310265-9451-4AEF-8353-37FDAB2B73C7}"
EndProject
Global
	GlobalSection(SolutionConfigurationPlatforms) = preSolution
		Debug|Any CPU = Debug|Any CPU
		Debug|x64 = Debug|x64
		Debug|x86 = Debug|x86
		Release|Any CPU = Release|Any CPU
		Release|x64 = Release|x64
		Release|x86 = Release|x86
	EndGlobalSection
	GlobalSection(SolutionProperties) = preSolution
		HideSolutionNode = FALSE
	EndGlobalSection
	GlobalSection(ProjectConfigurationPlatforms) = postSolution
		{814F0FDD-E9A9-48F1-A29A-7766B064D894}.Debug|Any CPU.ActiveCfg = Debug|Any CPU
		{814F0FDD-E9A9-48F1-A29A-7766B064D894}.Debug|Any CPU.Build.0 = Debug|Any CPU
		{814F0FDD-E9A9-48F1-A29A-7766B064D894}.Debug|x64.ActiveCfg = Debug|Any CPU
		{814F0FDD-E9A9-48F1-A29A-7766B064D894}.Debug|x64.Build.0 = Debug|Any CPU
		{814F0FDD-E9A9-48F1-A29A-7766B064D894}.Debug|x86.ActiveCfg = Debug|Any CPU
		{814F0FDD-E9A9-48F1-A29A-7766B064D894}.Debug|x86.Build.0 = Debug|Any CPU
		{814F0FDD-E9A9-48F1-A29A-7766B064D894}.Release|Any CPU.ActiveCfg = Release|Any CPU
		{814F0FDD-E9A9-48F1-A29A-7766B064D894}.Release|Any CPU.Build.0 = Release|Any CPU
		{814F0FDD-E9A9-48F1-A29A-7766B064D894}.Release|x64.ActiveCfg = Release|Any CPU
		{814F0FDD-E9A9-48F1-A29A-7766B064D894}.Release|x64.Build.0 = Release|Any CPU
		{814F0FDD-E9A9-48F1-A29A-7766B064D894}.Release|x86.ActiveCfg = Release|Any CPU
		{814F0FDD-E9A9-48F1-A29A-7766B064D894}.Release|x86.Build.0 = Release|Any CPU
		{22310265-9451-4AEF-8353-37FDAB2B73C7}.Debug|Any CPU.ActiveCfg = Debug|Any CPU
		{22310265-9451-4AEF-8353-37FDAB2B73C7}.Debug|Any CPU.Build.0 = Debug|Any CPU
		{22310265-9451-4AEF-8353-37FDAB2B73C7}.Debug|x64.ActiveCfg = Debug|Any CPU
		{22310265-9451-4AEF-8353-37FDAB2B73C7}.Debug|x64.Build.0 = Debug|Any CPU
		{22310265-9451-4AEF-8353-37FDAB2B73C7}.Debug|x86.ActiveCfg = Debug|Any CPU
		{22310265-9451-4AEF-8353-37FDAB2B73C7}.Debug|x86.Build.0 = Debug|Any CPU
		{22310265-9451-4AEF-8353-37FDAB2B73C7}.Release|Any CPU.ActiveCfg = Release|Any CPU
		{22310265-9451-4AEF-8353-37FDAB2B73C7}.Release|Any CPU.Build.0 = Release|Any CPU
		{22310265-9451-4AEF-8353-37FDAB2B73C7}.Release|x64.ActiveCfg = Release|Any CPU
		{22310265-9451-4AEF-8353-37FDAB2B73C7}.Release|x64.Build.0 = Release|Any CPU
		{22310265-9451-4AEF-8353-37FDAB2B73C7}.Release|x86.ActiveCfg = Release|Any CPU
		{22310265-9451-4AEF-8353-37FDAB2B73C7}.Release|x86.Build.0 = Release|Any CPU
	EndGlobalSection
	GlobalSection(NestedProjects) = preSolution
		{814F0FDD-E9A9-48F1-A29A-7766B064D894} = {ADB8852E-EFD4-46E9-9493-A1668067C065}
		{22310265-9451-4AEF-8353-37FDAB2B73C7} = {200943B9-A98C-48B1-ABF3-5E696B8EED9E}
	EndGlobalSection
EndGlobal
